
Microsoft Visual Studio Solution File, Format Version 12.00
Project("{FAE04EC0-301F-11D3-BF4B-00C04F79EFBC}") = "blazor-build-deploy", "blazor-build-deploy\blazor-build-deploy.csproj", "{7117500D-24FC-4091-9DF9-94E347C581D4}"
EndProject
Global
	GlobalSection(SolutionConfigurationPlatforms) = preSolution
		Debug|Any CPU = Debug|Any CPU
		Release|Any CPU = Release|Any CPU
	EndGlobalSection
	GlobalSection(ProjectConfigurationPlatforms) = postSolution
		{7117500D-24FC-4091-9DF9-94E347C581D4}.Debug|Any CPU.ActiveCfg = Debug|Any CPU
		{7117500D-24FC-4091-9DF9-94E347C581D4}.Debug|Any CPU.Build.0 = Debug|Any CPU
		{7117500D-24FC-4091-9DF9-94E347C581D4}.Release|Any CPU.ActiveCfg = Release|Any CPU
		{7117500D-24FC-4091-9DF9-94E347C581D4}.Release|Any CPU.Build.0 = Release|Any CPU
	EndGlobalSection
EndGlobal
